
Microsoft Visual Studio Solution File, Format Version 12.00
# Visual Studio Version 16
VisualStudioVersion = 16.0.31911.196
MinimumVisualStudioVersion = 10.0.40219.1
Project("{FAE04EC0-301F-11D3-BF4B-00C04F79EFBC}") = "WpfEx16_1", "WpfEx16\WpfEx16_1.csproj", "{A61A6D70-FC44-46EC-A5C8-8A3AF23E2ED5}"
EndProject
Project("{FAE04EC0-301F-11D3-BF4B-00C04F79EFBC}") = "WpfEx16_2", "WpfEx16_2\WpfEx16_2.csproj", "{EE9E9FCD-F219-4651-921A-D52652B704DD}"
EndProject
Global
	GlobalSection(SolutionConfigurationPlatforms) = preSolution
		Debug|Any CPU = Debug|Any CPU
		Release|Any CPU = Release|Any CPU
	EndGlobalSection
	GlobalSection(ProjectConfigurationPlatforms) = postSolution
		{A61A6D70-FC44-46EC-A5C8-8A3AF23E2ED5}.Debug|Any CPU.ActiveCfg = Debug|Any CPU
		{A61A6D70-FC44-46EC-A5C8-8A3AF23E2ED5}.Debug|Any CPU.Build.0 = Debug|Any CPU
		{A61A6D70-FC44-46EC-A5C8-8A3AF23E2ED5}.Release|Any CPU.ActiveCfg = Release|Any CPU
		{A61A6D70-FC44-46EC-A5C8-8A3AF23E2ED5}.Release|Any CPU.Build.0 = Release|Any CPU
		{EE9E9FCD-F219-4651-921A-D52652B704DD}.Debug|Any CPU.ActiveCfg = Debug|Any CPU
		{EE9E9FCD-F219-4651-921A-D52652B704DD}.Debug|Any CPU.Build.0 = Debug|Any CPU
		{EE9E9FCD-F219-4651-921A-D52652B704DD}.Release|Any CPU.ActiveCfg = Release|Any CPU
		{EE9E9FCD-F219-4651-921A-D52652B704DD}.Release|Any CPU.Build.0 = Release|Any CPU
	EndGlobalSection
	GlobalSection(SolutionProperties) = preSolution
		HideSolutionNode = FALSE
	EndGlobalSection
	GlobalSection(ExtensibilityGlobals) = postSolution
		SolutionGuid = {61EBDB29-6C1F-4985-B22C-A432DB6E182C}
	EndGlobalSection
EndGlobal
